
Microsoft Visual Studio Solution File, Format Version 12.00
# Visual Studio Version 17
VisualStudioVersion = 17.8.34511.84
MinimumVisualStudioVersion = 10.0.40219.1
Project("{9A19103F-16F7-4668-BE54-9A1E7A4F7556}") = "LibraryPhysicalUnits8may2024", "LibraryPhysicalUnits8may2024\LibraryPhysicalUnits8may2024.csproj", "{53136C9D-9ECD-42EC-B2A9-BE37BEBCF54F}"
EndProject
Project("{9A19103F-16F7-4668-BE54-9A1E7A4F7556}") = "LibraryPhysicalUnits8may2024.Test", "LibraryPhysicalUnits8may2024.Test\LibraryPhysicalUnits8may2024.Test.csproj", "{8CF4C9EC-FEDE-435E-B2E5-3D8278AF2083}"
EndProject
Project("{9A19103F-16F7-4668-BE54-9A1E7A4F7556}") = "ConsoleKinematics8may2024", "ConsoleKinematics8may2024\ConsoleKinematics8may2024.csproj", "{564BB174-0ECD-424C-8651-C4A2A31B0534}"
EndProject
Project("{9A19103F-16F7-4668-BE54-9A1E7A4F7556}") = "ConsoleKinematics9may2024", "ConsoleKinematics9may2024\ConsoleKinematics9may2024.csproj", "{A0618DDE-6BBF-4CD0-993E-9A6B00E2C556}"
EndProject
Project("{9A19103F-16F7-4668-BE54-9A1E7A4F7556}") = "ConsoleKinematics10may2024", "ConsoleKinematics10may2024\ConsoleKinematics10may2024.csproj", "{25CCB638-7B82-44FA-9FBE-F674419D9565}"
EndProject
Project("{9A19103F-16F7-4668-BE54-9A1E7A4F7556}") = "ConsoleKinematics11may2024", "ConsoleKinematics11may2024\ConsoleKinematics11may2024.csproj", "{F63B256D-CB43-487C-8FD3-C3AFE42ECAE0}"
EndProject
Project("{9A19103F-16F7-4668-BE54-9A1E7A4F7556}") = "ConsoleKinematics12may2024", "ConsoleKinematics12may2024\ConsoleKinematics12may2024.csproj", "{25271209-4731-4E66-B110-045B2D162871}"
EndProject
Project("{9A19103F-16F7-4668-BE54-9A1E7A4F7556}") = "ConsoleKinematics13may2024", "ConsoleKinematics13may2024\ConsoleKinematics13may2024.csproj", "{03CF6D8C-D401-43E4-8731-AECEE8B1547E}"
EndProject
Project("{9A19103F-16F7-4668-BE54-9A1E7A4F7556}") = "ConsoleKinematics14may2024", "ConsoleKinematics14may2024\ConsoleKinematics14may2024.csproj", "{39ECB03F-A03F-4E95-AE19-DDE3E6108E9F}"
EndProject
Project("{9A19103F-16F7-4668-BE54-9A1E7A4F7556}") = "ConsoleKinematics15may2024", "ConsoleKinematics15may2024\ConsoleKinematics15may2024.csproj", "{5EB9C61A-DC41-41B7-824C-D5E6FA27E1FE}"
EndProject
Project("{9A19103F-16F7-4668-BE54-9A1E7A4F7556}") = "ConsoleOppervlakMaan8may2024", "ConsoleOppervlakMaan8may2024\ConsoleOppervlakMaan8may2024.csproj", "{B719C163-2A8D-4023-911C-D7D545EB6658}"
EndProject
Project("{9A19103F-16F7-4668-BE54-9A1E7A4F7556}") = "ConsoleSignificanteCijfers9may2024", "ConsoleSignificanteCijfers9may2024\ConsoleSignificanteCijfers9may2024.csproj", "{FBB28448-4B65-4931-920E-0E18013296E9}"
EndProject
Project("{9A19103F-16F7-4668-BE54-9A1E7A4F7556}") = "ConsoleBowlingbalGeluidsnelheid9may2024", "ConsoleBowlingbalGeluidsnelheid9may2024\ConsoleBowlingbalGeluidsnelheid9may2024.csproj", "{8FF8F059-E00E-445D-BED3-F3641F9BFA96}"
EndProject
Project("{9A19103F-16F7-4668-BE54-9A1E7A4F7556}") = "ConsoleGemiddeldeVersnelling9may2024", "ConsoleGemiddeldeVersnelling9may2024\ConsoleGemiddeldeVersnelling9may2024.csproj", "{179B1738-A79D-482E-A61B-0995D73384E7}"
EndProject
Project("{9A19103F-16F7-4668-BE54-9A1E7A4F7556}") = "ConsoleDeeltjeVersnelling9may2024", "ConsoleDeeltjeVersnelling9may2024\ConsoleDeeltjeVersnelling9may2024.csproj", "{793E32DF-21BB-4F24-903E-1A014BC978B7}"
EndProject
Project("{9A19103F-16F7-4668-BE54-9A1E7A4F7556}") = "ConsoleVoorwerpVersnelling9may2024", "ConsoleVoorwerpVersnelling9may2024\ConsoleVoorwerpVersnelling9may2024.csproj", "{BDFEB8D0-25AE-4606-A704-6361F8F0209B}"
EndProject
Project("{9A19103F-16F7-4668-BE54-9A1E7A4F7556}") = "ConsoleHonkbalwerper9may2024", "ConsoleHonkbalwerper9may2024\ConsoleHonkbalwerper9may2024.csproj", "{AE3A1495-DA66-4C5D-999E-340F5DD160AA}"
EndProject
Project("{9A19103F-16F7-4668-BE54-9A1E7A4F7556}") = "ConsoleHardloopster9may2024", "ConsoleHardloopster9may2024\ConsoleHardloopster9may2024.csproj", "{168945F0-A3BE-4BA0-ADCD-F492C0FF288E}"
EndProject
Project("{9A19103F-16F7-4668-BE54-9A1E7A4F7556}") = "LibraryIntegrationWork9May2024", "LibraryIntegrationWork9May2024\LibraryIntegrationWork9May2024.csproj", "{398C9CBE-894D-4E16-A2F2-1034A9E30C3C}"
EndProject
Project("{9A19103F-16F7-4668-BE54-9A1E7A4F7556}") = "ConsoleWorkRequiredToCompressASpring9May2024", "ConsoleWorkRequiredToCompressASpring9May2024\ConsoleWorkRequiredToCompressASpring9May2024.csproj", "{AD7B0163-CDA0-45D7-AC49-2600819E5EDB}"
EndProject
Project("{9A19103F-16F7-4668-BE54-9A1E7A4F7556}") = "ConsoleWorkRequiredToCompressASpring10May2024", "ConsoleWorkRequiredToCompressASpring10May2024\ConsoleWorkRequiredToCompressASpring10May2024.csproj", "{FE692C61-4AC3-433E-864A-E38E8187AA59}"
EndProject
Project("{9A19103F-16F7-4668-BE54-9A1E7A4F7556}") = "ConsoleKinematics16may2024", "ConsoleKinematics16may2024\ConsoleKinematics16may2024.csproj", "{B688CADE-63F1-4423-A147-67119A590410}"
EndProject
Project("{9A19103F-16F7-4668-BE54-9A1E7A4F7556}") = "ConsoleKinematics17may2024", "ConsoleKinematics17may2024\ConsoleKinematics17may2024.csproj", "{0BD689F3-249E-4E68-AB8B-7E4F84F4D6B3}"
EndProject
Project("{9A19103F-16F7-4668-BE54-9A1E7A4F7556}") = "ConsoleKinematics18may2024", "ConsoleKinematics18may2024\ConsoleKinematics18may2024.csproj", "{C3A9DD39-B324-4612-94F1-9596387DA0C8}"
EndProject
Project("{9A19103F-16F7-4668-BE54-9A1E7A4F7556}") = "ConsoleKinematics19may2024", "ConsoleKinematics19may2024\ConsoleKinematics19may2024.csproj", "{F1667F7E-4CD4-4975-8F20-DF29E05105FB}"
EndProject
Project("{9A19103F-16F7-4668-BE54-9A1E7A4F7556}") = "ConsoleKinematics20may2024", "ConsoleKinematics20may2024\ConsoleKinematics20may2024.csproj", "{76EAAE99-C8BF-4A4E-B5F3-C953D9844556}"
EndProject
Project("{9A19103F-16F7-4668-BE54-9A1E7A4F7556}") = "ConsoleKinematics21may2024", "ConsoleKinematics21may2024\ConsoleKinematics21may2024.csproj", "{23C1D8E1-754A-451C-9821-B174A8AE19B4}"
EndProject
Project("{9A19103F-16F7-4668-BE54-9A1E7A4F7556}") = "ConsoleKinematics22may2024", "ConsoleKinematics22may2024\ConsoleKinematics22may2024.csproj", "{BEDF2D27-E0F8-4C17-8AF4-86E5CBBC1703}"
EndProject
Project("{9A19103F-16F7-4668-BE54-9A1E7A4F7556}") = "ConsoleKinematics23may2024", "ConsoleKinematics23may2024\ConsoleKinematics23may2024.csproj", "{06996D10-6280-4B3F-BBD5-0DCCBFC63080}"
EndProject
Project("{9A19103F-16F7-4668-BE54-9A1E7A4F7556}") = "ConsoleKinematics24may2024", "ConsoleKinematics24may2024\ConsoleKinematics24may2024.csproj", "{E6557791-A92E-4425-8A8E-DF666B5DAB9A}"
EndProject
Project("{9A19103F-16F7-4668-BE54-9A1E7A4F7556}") = "ConsoleKinematics25may2024", "ConsoleKinematics25may2024\ConsoleKinematics25may2024.csproj", "{CA01794E-0A38-405D-BE92-80F358D3B999}"
EndProject
Project("{9A19103F-16F7-4668-BE54-9A1E7A4F7556}") = "ConsoleAuto26may2024", "ConsoleAuto26may2024\ConsoleAuto26may2024.csproj", "{CE28F48A-2368-4C82-9E04-CEA5C2442FBA}"
EndProject
Project("{FAE04EC0-301F-11D3-BF4B-00C04F79EFBC}") = "ConsoleRemweg27may2024", "ConsoleRemweg27may2024\ConsoleRemweg27may2024.csproj", "{111A4718-9E0A-4C09-A01B-9805F635D07D}"
EndProject
Global
	GlobalSection(SolutionConfigurationPlatforms) = preSolution
		Debug|Any CPU = Debug|Any CPU
		Release|Any CPU = Release|Any CPU
	EndGlobalSection
	GlobalSection(ProjectConfigurationPlatforms) = postSolution
		{53136C9D-9ECD-42EC-B2A9-BE37BEBCF54F}.Debug|Any CPU.ActiveCfg = Debug|Any CPU
		{53136C9D-9ECD-42EC-B2A9-BE37BEBCF54F}.Debug|Any CPU.Build.0 = Debug|Any CPU
		{53136C9D-9ECD-42EC-B2A9-BE37BEBCF54F}.Release|Any CPU.ActiveCfg = Release|Any CPU
		{53136C9D-9ECD-42EC-B2A9-BE37BEBCF54F}.Release|Any CPU.Build.0 = Release|Any CPU
		{8CF4C9EC-FEDE-435E-B2E5-3D8278AF2083}.Debug|Any CPU.ActiveCfg = Debug|Any CPU
		{8CF4C9EC-FEDE-435E-B2E5-3D8278AF2083}.Debug|Any CPU.Build.0 = Debug|Any CPU
		{8CF4C9EC-FEDE-435E-B2E5-3D8278AF2083}.Release|Any CPU.ActiveCfg = Release|Any CPU
		{8CF4C9EC-FEDE-435E-B2E5-3D8278AF2083}.Release|Any CPU.Build.0 = Release|Any CPU
		{564BB174-0ECD-424C-8651-C4A2A31B0534}.Debug|Any CPU.ActiveCfg = Debug|Any CPU
		{564BB174-0ECD-424C-8651-C4A2A31B0534}.Debug|Any CPU.Build.0 = Debug|Any CPU
		{564BB174-0ECD-424C-8651-C4A2A31B0534}.Release|Any CPU.ActiveCfg = Release|Any CPU
		{564BB174-0ECD-424C-8651-C4A2A31B0534}.Release|Any CPU.Build.0 = Release|Any CPU
		{A0618DDE-6BBF-4CD0-993E-9A6B00E2C556}.Debug|Any CPU.ActiveCfg = Debug|Any CPU
		{A0618DDE-6BBF-4CD0-993E-9A6B00E2C556}.Debug|Any CPU.Build.0 = Debug|Any CPU
		{A0618DDE-6BBF-4CD0-993E-9A6B00E2C556}.Release|Any CPU.ActiveCfg = Release|Any CPU
		{A0618DDE-6BBF-4CD0-993E-9A6B00E2C556}.Release|Any CPU.Build.0 = Release|Any CPU
		{25CCB638-7B82-44FA-9FBE-F674419D9565}.Debug|Any CPU.ActiveCfg = Debug|Any CPU
		{25CCB638-7B82-44FA-9FBE-F674419D9565}.Debug|Any CPU.Build.0 = Debug|Any CPU
		{25CCB638-7B82-44FA-9FBE-F674419D9565}.Release|Any CPU.ActiveCfg = Release|Any CPU
		{25CCB638-7B82-44FA-9FBE-F674419D9565}.Release|Any CPU.Build.0 = Release|Any CPU
		{F63B256D-CB43-487C-8FD3-C3AFE42ECAE0}.Debug|Any CPU.ActiveCfg = Debug|Any CPU
		{F63B256D-CB43-487C-8FD3-C3AFE42ECAE0}.Debug|Any CPU.Build.0 = Debug|Any CPU
		{F63B256D-CB43-487C-8FD3-C3AFE42ECAE0}.Release|Any CPU.ActiveCfg = Release|Any CPU
		{F63B256D-CB43-487C-8FD3-C3AFE42ECAE0}.Release|Any CPU.Build.0 = Release|Any CPU
		{25271209-4731-4E66-B110-045B2D162871}.Debug|Any CPU.ActiveCfg = Debug|Any CPU
		{25271209-4731-4E66-B110-045B2D162871}.Debug|Any CPU.Build.0 = Debug|Any CPU
		{25271209-4731-4E66-B110-045B2D162871}.Release|Any CPU.ActiveCfg = Release|Any CPU
		{25271209-4731-4E66-B110-045B2D162871}.Release|Any CPU.Build.0 = Release|Any CPU
		{03CF6D8C-D401-43E4-8731-AECEE8B1547E}.Debug|Any CPU.ActiveCfg = Debug|Any CPU
		{03CF6D8C-D401-43E4-8731-AECEE8B1547E}.Debug|Any CPU.Build.0 = Debug|Any CPU
		{03CF6D8C-D401-43E4-8731-AECEE8B1547E}.Release|Any CPU.ActiveCfg = Release|Any CPU
		{03CF6D8C-D401-43E4-8731-AECEE8B1547E}.Release|Any CPU.Build.0 = Release|Any CPU
		{39ECB03F-A03F-4E95-AE19-DDE3E6108E9F}.Debug|Any CPU.ActiveCfg = Debug|Any CPU
		{39ECB03F-A03F-4E95-AE19-DDE3E6108E9F}.Debug|Any CPU.Build.0 = Debug|Any CPU
		{39ECB03F-A03F-4E95-AE19-DDE3E6108E9F}.Release|Any CPU.ActiveCfg = Release|Any CPU
		{39ECB03F-A03F-4E95-AE19-DDE3E6108E9F}.Release|Any CPU.Build.0 = Release|Any CPU
		{5EB9C61A-DC41-41B7-824C-D5E6FA27E1FE}.Debug|Any CPU.ActiveCfg = Debug|Any CPU
		{5EB9C61A-DC41-41B7-824C-D5E6FA27E1FE}.Debug|Any CPU.Build.0 = Debug|Any CPU
		{5EB9C61A-DC41-41B7-824C-D5E6FA27E1FE}.Release|Any CPU.ActiveCfg = Release|Any CPU
		{5EB9C61A-DC41-41B7-824C-D5E6FA27E1FE}.Release|Any CPU.Build.0 = Release|Any CPU
		{B719C163-2A8D-4023-911C-D7D545EB6658}.Debug|Any CPU.ActiveCfg = Debug|Any CPU
		{B719C163-2A8D-4023-911C-D7D545EB6658}.Debug|Any CPU.Build.0 = Debug|Any CPU
		{B719C163-2A8D-4023-911C-D7D545EB6658}.Release|Any CPU.ActiveCfg = Release|Any CPU
		{B719C163-2A8D-4023-911C-D7D545EB6658}.Release|Any CPU.Build.0 = Release|Any CPU
		{FBB28448-4B65-4931-920E-0E18013296E9}.Debug|Any CPU.ActiveCfg = Debug|Any CPU
		{FBB28448-4B65-4931-920E-0E18013296E9}.Debug|Any CPU.Build.0 = Debug|Any CPU
		{FBB28448-4B65-4931-920E-0E18013296E9}.Release|Any CPU.ActiveCfg = Release|Any CPU
		{FBB28448-4B65-4931-920E-0E18013296E9}.Release|Any CPU.Build.0 = Release|Any CPU
		{8FF8F059-E00E-445D-BED3-F3641F9BFA96}.Debug|Any CPU.ActiveCfg = Debug|Any CPU
		{8FF8F059-E00E-445D-BED3-F3641F9BFA96}.Debug|Any CPU.Build.0 = Debug|Any CPU
		{8FF8F059-E00E-445D-BED3-F3641F9BFA96}.Release|Any CPU.ActiveCfg = Release|Any CPU
		{8FF8F059-E00E-445D-BED3-F3641F9BFA96}.Release|Any CPU.Build.0 = Release|Any CPU
		{179B1738-A79D-482E-A61B-0995D73384E7}.Debug|Any CPU.ActiveCfg = Debug|Any CPU
		{179B1738-A79D-482E-A61B-0995D73384E7}.Debug|Any CPU.Build.0 = Debug|Any CPU
		{179B1738-A79D-482E-A61B-0995D73384E7}.Release|Any CPU.ActiveCfg = Release|Any CPU
		{179B1738-A79D-482E-A61B-0995D73384E7}.Release|Any CPU.Build.0 = Release|Any CPU
		{793E32DF-21BB-4F24-903E-1A014BC978B7}.Debug|Any CPU.ActiveCfg = Debug|Any CPU
		{793E32DF-21BB-4F24-903E-1A014BC978B7}.Debug|Any CPU.Build.0 = Debug|Any CPU
		{793E32DF-21BB-4F24-903E-1A014BC978B7}.Release|Any CPU.ActiveCfg = Release|Any CPU
		{793E32DF-21BB-4F24-903E-1A014BC978B7}.Release|Any CPU.Build.0 = Release|Any CPU
		{BDFEB8D0-25AE-4606-A704-6361F8F0209B}.Debug|Any CPU.ActiveCfg = Debug|Any CPU
		{BDFEB8D0-25AE-4606-A704-6361F8F0209B}.Debug|Any CPU.Build.0 = Debug|Any CPU
		{BDFEB8D0-25AE-4606-A704-6361F8F0209B}.Release|Any CPU.ActiveCfg = Release|Any CPU
		{BDFEB8D0-25AE-4606-A704-6361F8F0209B}.Release|Any CPU.Build.0 = Release|Any CPU
		{AE3A1495-DA66-4C5D-999E-340F5DD160AA}.Debug|Any CPU.ActiveCfg = Debug|Any CPU
		{AE3A1495-DA66-4C5D-999E-340F5DD160AA}.Debug|Any CPU.Build.0 = Debug|Any CPU
		{AE3A1495-DA66-4C5D-999E-340F5DD160AA}.Release|Any CPU.ActiveCfg = Release|Any CPU
		{AE3A1495-DA66-4C5D-999E-340F5DD160AA}.Release|Any CPU.Build.0 = Release|Any CPU
		{168945F0-A3BE-4BA0-ADCD-F492C0FF288E}.Debug|Any CPU.ActiveCfg = Debug|Any CPU
		{168945F0-A3BE-4BA0-ADCD-F492C0FF288E}.Debug|Any CPU.Build.0 = Debug|Any CPU
		{168945F0-A3BE-4BA0-ADCD-F492C0FF288E}.Release|Any CPU.ActiveCfg = Release|Any CPU
		{168945F0-A3BE-4BA0-ADCD-F492C0FF288E}.Release|Any CPU.Build.0 = Release|Any CPU
		{398C9CBE-894D-4E16-A2F2-1034A9E30C3C}.Debug|Any CPU.ActiveCfg = Debug|Any CPU
		{398C9CBE-894D-4E16-A2F2-1034A9E30C3C}.Debug|Any CPU.Build.0 = Debug|Any CPU
		{398C9CBE-894D-4E16-A2F2-1034A9E30C3C}.Release|Any CPU.ActiveCfg = Release|Any CPU
		{398C9CBE-894D-4E16-A2F2-1034A9E30C3C}.Release|Any CPU.Build.0 = Release|Any CPU
		{AD7B0163-CDA0-45D7-AC49-2600819E5EDB}.Debug|Any CPU.ActiveCfg = Debug|Any CPU
		{AD7B0163-CDA0-45D7-AC49-2600819E5EDB}.Debug|Any CPU.Build.0 = Debug|Any CPU
		{AD7B0163-CDA0-45D7-AC49-2600819E5EDB}.Release|Any CPU.ActiveCfg = Release|Any CPU
		{AD7B0163-CDA0-45D7-AC49-2600819E5EDB}.Release|Any CPU.Build.0 = Release|Any CPU
		{FE692C61-4AC3-433E-864A-E38E8187AA59}.Debug|Any CPU.ActiveCfg = Debug|Any CPU
		{FE692C61-4AC3-433E-864A-E38E8187AA59}.Debug|Any CPU.Build.0 = Debug|Any CPU
		{FE692C61-4AC3-433E-864A-E38E8187AA59}.Release|Any CPU.ActiveCfg = Release|Any CPU
		{FE692C61-4AC3-433E-864A-E38E8187AA59}.Release|Any CPU.Build.0 = Release|Any CPU
		{B688CADE-63F1-4423-A147-67119A590410}.Debug|Any CPU.ActiveCfg = Debug|Any CPU
		{B688CADE-63F1-4423-A147-67119A590410}.Debug|Any CPU.Build.0 = Debug|Any CPU
		{B688CADE-63F1-4423-A147-67119A590410}.Release|Any CPU.ActiveCfg = Release|Any CPU
		{B688CADE-63F1-4423-A147-67119A590410}.Release|Any CPU.Build.0 = Release|Any CPU
		{0BD689F3-249E-4E68-AB8B-7E4F84F4D6B3}.Debug|Any CPU.ActiveCfg = Debug|Any CPU
		{0BD689F3-249E-4E68-AB8B-7E4F84F4D6B3}.Debug|Any CPU.Build.0 = Debug|Any CPU
		{0BD689F3-249E-4E68-AB8B-7E4F84F4D6B3}.Release|Any CPU.ActiveCfg = Release|Any CPU
		{0BD689F3-249E-4E68-AB8B-7E4F84F4D6B3}.Release|Any CPU.Build.0 = Release|Any CPU
		{C3A9DD39-B324-4612-94F1-9596387DA0C8}.Debug|Any CPU.ActiveCfg = Debug|Any CPU
		{C3A9DD39-B324-4612-94F1-9596387DA0C8}.Debug|Any CPU.Build.0 = Debug|Any CPU
		{C3A9DD39-B324-4612-94F1-9596387DA0C8}.Release|Any CPU.ActiveCfg = Release|Any CPU
		{C3A9DD39-B324-4612-94F1-9596387DA0C8}.Release|Any CPU.Build.0 = Release|Any CPU
		{F1667F7E-4CD4-4975-8F20-DF29E05105FB}.Debug|Any CPU.ActiveCfg = Debug|Any CPU
		{F1667F7E-4CD4-4975-8F20-DF29E05105FB}.Debug|Any CPU.Build.0 = Debug|Any CPU
		{F1667F7E-4CD4-4975-8F20-DF29E05105FB}.Release|Any CPU.ActiveCfg = Release|Any CPU
		{F1667F7E-4CD4-4975-8F20-DF29E05105FB}.Release|Any CPU.Build.0 = Release|Any CPU
		{76EAAE99-C8BF-4A4E-B5F3-C953D9844556}.Debug|Any CPU.ActiveCfg = Debug|Any CPU
		{76EAAE99-C8BF-4A4E-B5F3-C953D9844556}.Debug|Any CPU.Build.0 = Debug|Any CPU
		{76EAAE99-C8BF-4A4E-B5F3-C953D9844556}.Release|Any CPU.ActiveCfg = Release|Any CPU
		{76EAAE99-C8BF-4A4E-B5F3-C953D9844556}.Release|Any CPU.Build.0 = Release|Any CPU
		{23C1D8E1-754A-451C-9821-B174A8AE19B4}.Debug|Any CPU.ActiveCfg = Debug|Any CPU
		{23C1D8E1-754A-451C-9821-B174A8AE19B4}.Debug|Any CPU.Build.0 = Debug|Any CPU
		{23C1D8E1-754A-451C-9821-B174A8AE19B4}.Release|Any CPU.ActiveCfg = Release|Any CPU
		{23C1D8E1-754A-451C-9821-B174A8AE19B4}.Release|Any CPU.Build.0 = Release|Any CPU
		{BEDF2D27-E0F8-4C17-8AF4-86E5CBBC1703}.Debug|Any CPU.ActiveCfg = Debug|Any CPU
		{BEDF2D27-E0F8-4C17-8AF4-86E5CBBC1703}.Debug|Any CPU.Build.0 = Debug|Any CPU
		{BEDF2D27-E0F8-4C17-8AF4-86E5CBBC1703}.Release|Any CPU.ActiveCfg = Release|Any CPU
		{BEDF2D27-E0F8-4C17-8AF4-86E5CBBC1703}.Release|Any CPU.Build.0 = Release|Any CPU
		{06996D10-6280-4B3F-BBD5-0DCCBFC63080}.Debug|Any CPU.ActiveCfg = Debug|Any CPU
		{06996D10-6280-4B3F-BBD5-0DCCBFC63080}.Debug|Any CPU.Build.0 = Debug|Any CPU
		{06996D10-6280-4B3F-BBD5-0DCCBFC63080}.Release|Any CPU.ActiveCfg = Release|Any CPU
		{06996D10-6280-4B3F-BBD5-0DCCBFC63080}.Release|Any CPU.Build.0 = Release|Any CPU
		{E6557791-A92E-4425-8A8E-DF666B5DAB9A}.Debug|Any CPU.ActiveCfg = Debug|Any CPU
		{E6557791-A92E-4425-8A8E-DF666B5DAB9A}.Debug|Any CPU.Build.0 = Debug|Any CPU
		{E6557791-A92E-4425-8A8E-DF666B5DAB9A}.Release|Any CPU.ActiveCfg = Release|Any CPU
		{E6557791-A92E-4425-8A8E-DF666B5DAB9A}.Release|Any CPU.Build.0 = Release|Any CPU
		{CA01794E-0A38-405D-BE92-80F358D3B999}.Debug|Any CPU.ActiveCfg = Debug|Any CPU
		{CA01794E-0A38-405D-BE92-80F358D3B999}.Debug|Any CPU.Build.0 = Debug|Any CPU
		{CA01794E-0A38-405D-BE92-80F358D3B999}.Release|Any CPU.ActiveCfg = Release|Any CPU
		{CA01794E-0A38-405D-BE92-80F358D3B999}.Release|Any CPU.Build.0 = Release|Any CPU
		{CE28F48A-2368-4C82-9E04-CEA5C2442FBA}.Debug|Any CPU.ActiveCfg = Debug|Any CPU
		{CE28F48A-2368-4C82-9E04-CEA5C2442FBA}.Debug|Any CPU.Build.0 = Debug|Any CPU
		{CE28F48A-2368-4C82-9E04-CEA5C2442FBA}.Release|Any CPU.ActiveCfg = Release|Any CPU
		{CE28F48A-2368-4C82-9E04-CEA5C2442FBA}.Release|Any CPU.Build.0 = Release|Any CPU
		{111A4718-9E0A-4C09-A01B-9805F635D07D}.Debug|Any CPU.ActiveCfg = Debug|Any CPU
		{111A4718-9E0A-4C09-A01B-9805F635D07D}.Debug|Any CPU.Build.0 = Debug|Any CPU
		{111A4718-9E0A-4C09-A01B-9805F635D07D}.Release|Any CPU.ActiveCfg = Release|Any CPU
		{111A4718-9E0A-4C09-A01B-9805F635D07D}.Release|Any CPU.Build.0 = Release|Any CPU
	EndGlobalSection
	GlobalSection(SolutionProperties) = preSolution
		HideSolutionNode = FALSE
	EndGlobalSection
	GlobalSection(ExtensibilityGlobals) = postSolution
		SolutionGuid = {1031B941-42E4-4AB8-BEA1-C2198B826F7A}
	EndGlobalSection
EndGlobal
